
Microsoft Visual Studio Solution File, Format Version 12.00
# Visual Studio Version 17
VisualStudioVersion = 17.1.32319.34
MinimumVisualStudioVersion = 10.0.40219.1
Project("{FAE04EC0-301F-11D3-BF4B-00C04F79EFBC}") = "UI", "UI\UI.csproj", "{2DA9A1B9-E368-4AB5-B7E0-6C73F6E5794B}"
EndProject
Project("{FAE04EC0-301F-11D3-BF4B-00C04F79EFBC}") = "BLL", "BLL\BLL.csproj", "{F6D27397-2718-4003-9CA2-71F9123456A9}"
EndProject
Global
	GlobalSection(SolutionConfigurationPlatforms) = preSolution
		Debug|Any CPU = Debug|Any CPU
		Release|Any CPU = Release|Any CPU
	EndGlobalSection
	GlobalSection(ProjectConfigurationPlatforms) = postSolution
		{2DA9A1B9-E368-4AB5-B7E0-6C73F6E5794B}.Debug|Any CPU.ActiveCfg = Debug|Any CPU
		{2DA9A1B9-E368-4AB5-B7E0-6C73F6E5794B}.Debug|Any CPU.Build.0 = Debug|Any CPU
		{2DA9A1B9-E368-4AB5-B7E0-6C73F6E5794B}.Release|Any CPU.ActiveCfg = Release|Any CPU
		{2DA9A1B9-E368-4AB5-B7E0-6C73F6E5794B}.Release|Any CPU.Build.0 = Release|Any CPU
		{F6D27397-2718-4003-9CA2-71F9123456A9}.Debug|Any CPU.ActiveCfg = Debug|Any CPU
		{F6D27397-2718-4003-9CA2-71F9123456A9}.Debug|Any CPU.Build.0 = Debug|Any CPU
		{F6D27397-2718-4003-9CA2-71F9123456A9}.Release|Any CPU.ActiveCfg = Release|Any CPU
		{F6D27397-2718-4003-9CA2-71F9123456A9}.Release|Any CPU.Build.0 = Release|Any CPU
	EndGlobalSection
	GlobalSection(SolutionProperties) = preSolution
		HideSolutionNode = FALSE
	EndGlobalSection
	GlobalSection(ExtensibilityGlobals) = postSolution
		SolutionGuid = {02A91696-B60C-4B26-98C9-802F466CE79B}
	EndGlobalSection
EndGlobal
